Microsoft Visual Studio Solution File, Format Version 11.00
# Visual Studio 2010
Project("{F184B08F-C81C-45F6-A57F-5ABD9991F28F}") = "CustomFilterPopupSample", "CustomFilterPopupSample\CustomFilterPopupSample.vbproj", "{434CE0D6-ABE6-49C1-AAED-CCE751DA46BD}"
EndProject
Global
	GlobalSection(SolutionConfigurationPlatforms) = preSolution
		Debug|Any CPU = Debug|Any CPU
		Debug|Mixed Platforms = Debug|Mixed Platforms
		Debug|x86 = Debug|x86
		DebugTest|Any CPU = DebugTest|Any CPU
		DebugTest|Mixed Platforms = DebugTest|Mixed Platforms
		DebugTest|x86 = DebugTest|x86
		Release|Any CPU = Release|Any CPU
		Release|Mixed Platforms = Release|Mixed Platforms
		Release|x86 = Release|x86
	EndGlobalSection
	GlobalSection(ProjectConfigurationPlatforms) = postSolution
		{434CE0D6-ABE6-49C1-AAED-CCE751DA46BD}.Debug|Any CPU.ActiveCfg = Debug|x86
		{434CE0D6-ABE6-49C1-AAED-CCE751DA46BD}.Debug|Mixed Platforms.ActiveCfg = Debug|x86
		{434CE0D6-ABE6-49C1-AAED-CCE751DA46BD}.Debug|Mixed Platforms.Build.0 = Debug|x86
		{434CE0D6-ABE6-49C1-AAED-CCE751DA46BD}.Debug|x86.ActiveCfg = Debug|x86
		{434CE0D6-ABE6-49C1-AAED-CCE751DA46BD}.Debug|x86.Build.0 = Debug|x86
		{434CE0D6-ABE6-49C1-AAED-CCE751DA46BD}.DebugTest|Any CPU.ActiveCfg = Debug|x86
		{434CE0D6-ABE6-49C1-AAED-CCE751DA46BD}.DebugTest|Mixed Platforms.ActiveCfg = Debug|x86
		{434CE0D6-ABE6-49C1-AAED-CCE751DA46BD}.DebugTest|Mixed Platforms.Build.0 = Debug|x86
		{434CE0D6-ABE6-49C1-AAED-CCE751DA46BD}.DebugTest|x86.ActiveCfg = Debug|x86
		{434CE0D6-ABE6-49C1-AAED-CCE751DA46BD}.DebugTest|x86.Build.0 = Debug|x86
		{434CE0D6-ABE6-49C1-AAED-CCE751DA46BD}.Release|Any CPU.ActiveCfg = Release|x86
		{434CE0D6-ABE6-49C1-AAED-CCE751DA46BD}.Release|Mixed Platforms.ActiveCfg = Release|x86
		{434CE0D6-ABE6-49C1-AAED-CCE751DA46BD}.Release|Mixed Platforms.Build.0 = Release|x86
		{434CE0D6-ABE6-49C1-AAED-CCE751DA46BD}.Release|x86.ActiveCfg = Release|x86
		{434CE0D6-ABE6-49C1-AAED-CCE751DA46BD}.Release|x86.Build.0 = Release|x86
	EndGlobalSection
	GlobalSection(SolutionProperties) = preSolution
		HideSolutionNode = FALSE
	EndGlobalSection
EndGlobal
